PODS:
  - Alamofire (4.9.1)
  - KeychainSwift (19.0.0)
  - lottie-ios (3.1.8)

DEPENDENCIES:
  - Alamofire (= 4.9.1)
  - KeychainSwift
  - lottie-ios

SPEC REPOS:
  trunk:
    - Alamofire
    - KeychainSwift
    - lottie-ios

SPEC CHECKSUMS:
  Alamofire: 85e8a02c69d6020a0d734f6054870d7ecb75cf18
  KeychainSwift: a06190cf933ad46b1e0abc3d77d29c06331715c7
  lottie-ios: 48fac6be217c76937e36e340e2d09cf7b10b7f5f

PODFILE CHECKSUM: 6e65a2a2fb39d3831b716aab93f87a5bacf8a21e

COCOAPODS: 1.9.0
