// !$*UTF8*$!
{
	archiveVersion = 1;
	classes = {
	};
	objectVersion = 50;
	objects = {

/* Begin PBXBuildFile section */
		1788DCCBEDF57FB89B3FF439 /* libPods-BeeTrader.a in Frameworks */ = {isa = PBXBuildFile; fileRef = A97B99D8265A1756988E7F9E /* libPods-BeeTrader.a */; };
		B3188C3524547DD10058E74E /* Localizable.strings in Resources */ = {isa = PBXBuildFile; fileRef = B3188C3724547DD10058E74E /* Localizable.strings */; };
		B3188C3E245480AF0058E74E /* Strings+Localization.swift in Sources */ = {isa = PBXBuildFile; fileRef = B3188C3D245480AE0058E74E /* Strings+Localization.swift */; };
		B3188C40245491030058E74E /* EditListing.storyboard in Resources */ = {isa = PBXBuildFile; fileRef = B3188C3F245491030058E74E /* EditListing.storyboard */; };
		B3188C42245491930058E74E /* EditListingViewController.swift in Sources */ = {isa = PBXBuildFile; fileRef = B3188C41245491930058E74E /* EditListingViewController.swift */; };
		B3188C44245491D20058E74E /* EditListingViewModel.swift in Sources */ = {isa = PBXBuildFile; fileRef = B3188C43245491D20058E74E /* EditListingViewModel.swift */; };
		B3188C462455957B0058E74E /* RegistrationModel.swift in Sources */ = {isa = PBXBuildFile; fileRef = B3188C452455957B0058E74E /* RegistrationModel.swift */; };
		B33B7C982411210300CD6719 /* DataWrapperModel.swift in Sources */ = {isa = PBXBuildFile; fileRef = B33B7C972411210300CD6719 /* DataWrapperModel.swift */; };
		B33B7C9A2411481600CD6719 /* UrlRequest.swift in Sources */ = {isa = PBXBuildFile; fileRef = B33B7C992411481600CD6719 /* UrlRequest.swift */; };
		B35BA94C240FEB4C00BDA7C9 /* AppDelegate.swift in Sources */ = {isa = PBXBuildFile; fileRef = B35BA94B240FEB4C00BDA7C9 /* AppDelegate.swift */; };
		B35BA94E240FEB4C00BDA7C9 /* SceneDelegate.swift in Sources */ = {isa = PBXBuildFile; fileRef = B35BA94D240FEB4C00BDA7C9 /* SceneDelegate.swift */; };
		B35BA97E240FEBB700BDA7C9 /* LaunchScreen.storyboard in Resources */ = {isa = PBXBuildFile; fileRef = B35BA97D240FEBB700BDA7C9 /* LaunchScreen.storyboard */; };
		B35BA983240FEC0100BDA7C9 /* Assets.xcassets in Resources */ = {isa = PBXBuildFile; fileRef = B35BA982240FEC0100BDA7C9 /* Assets.xcassets */; };
		B35BA98B240FEC5700BDA7C9 /* Registration.storyboard in Resources */ = {isa = PBXBuildFile; fileRef = B35BA986240FEC5600BDA7C9 /* Registration.storyboard */; };
		B35BA98C240FEC5700BDA7C9 /* RegistrationViewController.swift in Sources */ = {isa = PBXBuildFile; fileRef = B35BA987240FEC5600BDA7C9 /* RegistrationViewController.swift */; };
		B35BA98D240FEC5700BDA7C9 /* RegistrationViewModel.swift in Sources */ = {isa = PBXBuildFile; fileRef = B35BA988240FEC5600BDA7C9 /* RegistrationViewModel.swift */; };
		B35BA98E240FEC5700BDA7C9 /* UserModel.swift in Sources */ = {isa = PBXBuildFile; fileRef = B35BA989240FEC5600BDA7C9 /* UserModel.swift */; };
		B35BA992240FEC7300BDA7C9 /* ViewControllerType.swift in Sources */ = {isa = PBXBuildFile; fileRef = B35BA991240FEC7300BDA7C9 /* ViewControllerType.swift */; };
		B3654E2B241F90DE00592EF8 /* ListingModel.swift in Sources */ = {isa = PBXBuildFile; fileRef = B3654E2A241F90DE00592EF8 /* ListingModel.swift */; };
		B3654E2D241F9C7E00592EF8 /* ListingViewModel.swift in Sources */ = {isa = PBXBuildFile; fileRef = B3654E2C241F9C7E00592EF8 /* ListingViewModel.swift */; };
		B3654E2F241FC22600592EF8 /* Colors.swift in Sources */ = {isa = PBXBuildFile; fileRef = B3654E2E241FC22600592EF8 /* Colors.swift */; };
		B37539832424BFAC0051C2E6 /* AddressPickerViewController.swift in Sources */ = {isa = PBXBuildFile; fileRef = B37539822424BFAC0051C2E6 /* AddressPickerViewController.swift */; };
		B37539852424BFDA0051C2E6 /* AddressPickerViewModel.swift in Sources */ = {isa = PBXBuildFile; fileRef = B37539842424BFDA0051C2E6 /* AddressPickerViewModel.swift */; };
		B37539872424C0840051C2E6 /* AddressPicker.storyboard in Resources */ = {isa = PBXBuildFile; fileRef = B37539862424C0840051C2E6 /* AddressPicker.storyboard */; };
		B37539892424C32D0051C2E6 /* UserDetailCoordinator.swift in Sources */ = {isa = PBXBuildFile; fileRef = B37539882424C32D0051C2E6 /* UserDetailCoordinator.swift */; };
		B375398B2424D7550051C2E6 /* AddressModel.swift in Sources */ = {isa = PBXBuildFile; fileRef = B375398A2424D7550051C2E6 /* AddressModel.swift */; };
		B375398D2424D9B40051C2E6 /* AddressCell.swift in Sources */ = {isa = PBXBuildFile; fileRef = B375398C2424D9B40051C2E6 /* AddressCell.swift */; };
		B375398F24262ADF0051C2E6 /* Debouncer.swift in Sources */ = {isa = PBXBuildFile; fileRef = B375398E24262ADF0051C2E6 /* Debouncer.swift */; };
		B375399324269DCE0051C2E6 /* ListingDetailViewController.swift in Sources */ = {isa = PBXBuildFile; fileRef = B375399224269DCE0051C2E6 /* ListingDetailViewController.swift */; };
		B375399524269E140051C2E6 /* ListingDetailViewModel.swift in Sources */ = {isa = PBXBuildFile; fileRef = B375399424269E140051C2E6 /* ListingDetailViewModel.swift */; };
		B375399724269EB60051C2E6 /* ListingDetail.storyboard in Resources */ = {isa = PBXBuildFile; fileRef = B375399624269EB60051C2E6 /* ListingDetail.storyboard */; };
		B37539992426AE790051C2E6 /* Gradient.swift in Sources */ = {isa = PBXBuildFile; fileRef = B37539982426AE790051C2E6 /* Gradient.swift */; };
		B37ACC7624407D7D001A8765 /* CategorypickerCell.swift in Sources */ = {isa = PBXBuildFile; fileRef = B37ACC7524407D7D001A8765 /* CategorypickerCell.swift */; };
		B37B1B4524157012005C3702 /* StorageKeys.swift in Sources */ = {isa = PBXBuildFile; fileRef = B37B1B4424157012005C3702 /* StorageKeys.swift */; };
		B37B1B4824159F0D005C3702 /* Circle.swift in Sources */ = {isa = PBXBuildFile; fileRef = B37B1B4724159F0D005C3702 /* Circle.swift */; };
		B37B1B4D2415A68B005C3702 /* UserViewController.swift in Sources */ = {isa = PBXBuildFile; fileRef = B37B1B4C2415A68B005C3702 /* UserViewController.swift */; };
		B37B1B4F2415A6DA005C3702 /* UserViewModel.swift in Sources */ = {isa = PBXBuildFile; fileRef = B37B1B4E2415A6DA005C3702 /* UserViewModel.swift */; };
		B37B1B5324169252005C3702 /* Coordinator.swift in Sources */ = {isa = PBXBuildFile; fileRef = B37B1B5224169252005C3702 /* Coordinator.swift */; };
		B37B1B56241692B6005C3702 /* MainCoordinator.swift in Sources */ = {isa = PBXBuildFile; fileRef = B37B1B55241692B6005C3702 /* MainCoordinator.swift */; };
		B37B1B582416C74E005C3702 /* ViewControllers.swift in Sources */ = {isa = PBXBuildFile; fileRef = B37B1B572416C74E005C3702 /* ViewControllers.swift */; };
		B37F57A9242159C4001B84BB /* UIViewController.swift in Sources */ = {isa = PBXBuildFile; fileRef = B37F57A8242159C4001B84BB /* UIViewController.swift */; };
		B37F57AC242204F5001B84BB /* UserDetailViewController.swift in Sources */ = {isa = PBXBuildFile; fileRef = B37F57AB242204F5001B84BB /* UserDetailViewController.swift */; };
		B37F57AE2422050A001B84BB /* UserDetailViewModel.swift in Sources */ = {isa = PBXBuildFile; fileRef = B37F57AD2422050A001B84BB /* UserDetailViewModel.swift */; };
		B37F57B024220558001B84BB /* UserDetail.storyboard in Resources */ = {isa = PBXBuildFile; fileRef = B37F57AF24220558001B84BB /* UserDetail.storyboard */; };
		B38E4EEF241AC45600B85994 /* Aliases.swift in Sources */ = {isa = PBXBuildFile; fileRef = B38E4EEE241AC45600B85994 /* Aliases.swift */; };
		B38E4EF1241AC74500B85994 /* Parameters+Headers.swift in Sources */ = {isa = PBXBuildFile; fileRef = B38E4EF0241AC74500B85994 /* Parameters+Headers.swift */; };
		B3923DBA241E3B5100DD7F53 /* (null) in Embed Frameworks */ = {isa = PBXBuildFile; settings = {ATTRIBUTES = (CodeSignOnCopy, RemoveHeadersOnCopy, ); }; };
		B3923DD1241E3EFD00DD7F53 /* (null) in Embed Frameworks */ = {isa = PBXBuildFile; settings = {ATTRIBUTES = (CodeSignOnCopy, RemoveHeadersOnCopy, ); }; };
		B39C967F242CB78600B4101E /* CategoryPickerViewController.swift in Sources */ = {isa = PBXBuildFile; fileRef = B39C967E242CB78600B4101E /* CategoryPickerViewController.swift */; };
		B39C9681242CB7B200B4101E /* CategoryPickerViewModel.swift in Sources */ = {isa = PBXBuildFile; fileRef = B39C9680242CB7B200B4101E /* CategoryPickerViewModel.swift */; };
		B39C9683242CB9B200B4101E /* CategoryCell.swift in Sources */ = {isa = PBXBuildFile; fileRef = B39C9682242CB9B200B4101E /* CategoryCell.swift */; };
		B39C9685242CBAE900B4101E /* CategoryPicker.storyboard in Resources */ = {isa = PBXBuildFile; fileRef = B39C9684242CBAE900B4101E /* CategoryPicker.storyboard */; };
		B3AA33B42447716A0043EAF4 /* GlobalUser.swift in Sources */ = {isa = PBXBuildFile; fileRef = B3AA33B32447716A0043EAF4 /* GlobalUser.swift */; };
		B3C2AD95241BBD2E00CECE33 /* MainTabBar.storyboard in Resources */ = {isa = PBXBuildFile; fileRef = B3C2AD94241BBD2E00CECE33 /* MainTabBar.storyboard */; };
		B3C2AD97241BBD7500CECE33 /* MainTabBarController.swift in Sources */ = {isa = PBXBuildFile; fileRef = B3C2AD96241BBD7500CECE33 /* MainTabBarController.swift */; };
		B3CC696C2428EAEB00DAF451 /* AddListingViewController.swift in Sources */ = {isa = PBXBuildFile; fileRef = B3CC696B2428EAEB00DAF451 /* AddListingViewController.swift */; };
		B3CC696E2428EB4D00DAF451 /* AddListingViewModel.swift in Sources */ = {isa = PBXBuildFile; fileRef = B3CC696D2428EB4D00DAF451 /* AddListingViewModel.swift */; };
		B3CC69702428EC5E00DAF451 /* AddListing.storyboard in Resources */ = {isa = PBXBuildFile; fileRef = B3CC696F2428EC5E00DAF451 /* AddListing.storyboard */; };
		B3CC6995242A51B300DAF451 /* ListingFilterViewController.swift in Sources */ = {isa = PBXBuildFile; fileRef = B3CC6994242A51B300DAF451 /* ListingFilterViewController.swift */; };
		B3CC6997242A51E900DAF451 /* ListingFilterViewModel.swift in Sources */ = {isa = PBXBuildFile; fileRef = B3CC6996242A51E900DAF451 /* ListingFilterViewModel.swift */; };
		B3CC6999242A532E00DAF451 /* ListingFilter.storyboard in Resources */ = {isa = PBXBuildFile; fileRef = B3CC6998242A532E00DAF451 /* ListingFilter.storyboard */; };
		B3CC699B242A56B100DAF451 /* FilterTypeModel.swift in Sources */ = {isa = PBXBuildFile; fileRef = B3CC699A242A56B100DAF451 /* FilterTypeModel.swift */; };
		B3CC699D242A56F900DAF451 /* FilterTypeCell.swift in Sources */ = {isa = PBXBuildFile; fileRef = B3CC699C242A56F900DAF451 /* FilterTypeCell.swift */; };
		B3D02ED1241D8B75009AAD20 /* ListingViewController.swift in Sources */ = {isa = PBXBuildFile; fileRef = B3D02ED0241D8B75009AAD20 /* ListingViewController.swift */; };
		B3D02ED4241D8E1F009AAD20 /* ListingCell.swift in Sources */ = {isa = PBXBuildFile; fileRef = B3D02ED2241D8E1F009AAD20 /* ListingCell.swift */; };
		B3EC2C15241BDB6F00F0E738 /* loading.json in Resources */ = {isa = PBXBuildFile; fileRef = B3EC2C14241BDB6F00F0E738 /* loading.json */; };
		B3EC2C17241BDC7D00F0E738 /* Hud.swift in Sources */ = {isa = PBXBuildFile; fileRef = B3EC2C16241BDC7D00F0E738 /* Hud.swift */; };
		B3F5C66B2413B46600F7EF70 /* UIElements.swift in Sources */ = {isa = PBXBuildFile; fileRef = B3F5C66A2413B46600F7EF70 /* UIElements.swift */; };
		B3FE90632426C78A005D75F6 /* ListingDetailModel.swift in Sources */ = {isa = PBXBuildFile; fileRef = B3FE90622426C78A005D75F6 /* ListingDetailModel.swift */; };
		B3FE90652427BF4C005D75F6 /* Primitives.swift in Sources */ = {isa = PBXBuildFile; fileRef = B3FE90642427BF4C005D75F6 /* Primitives.swift */; };
/* End PBXBuildFile section */

/* Begin PBXBuildRule section */
		B3188C3924547E940058E74E /* PBXBuildRule */ = {
			isa = PBXBuildRule;
			compilerSpec = com.apple.compilers.proxy.script;
			fileType = pattern.proxy;
			inputFiles = (
			);
			isEditable = 1;
			outputFiles = (
			);
			script = "
";
		};
/* End PBXBuildRule section */

/* Begin PBXCopyFilesBuildPhase section */
		B3923DBB241E3B5100DD7F53 /* Embed Frameworks */ = {
			isa = PBXCopyFilesBuildPhase;
			buildActionMask = 2147483647;
			dstPath = "";
			dstSubfolderSpec = 10;
			files = (
				B3923DBA241E3B5100DD7F53 /* (null) in Embed Frameworks */,
				B3923DD1241E3EFD00DD7F53 /* (null) in Embed Frameworks */,
			);
			name = "Embed Frameworks";
			runOnlyForDeploymentPostprocessing = 0;
		};
/* End PBXCopyFilesBuildPhase section */

/* Begin PBXFileReference section */
		392DE9F024D1E313D6C6AD47 /* Pods-BeeTrader.debug.xcconfig */ = {isa = PBXFileReference; includeInIndex = 1; lastKnownFileType = text.xcconfig; name = "Pods-BeeTrader.debug.xcconfig"; path = "Target Support Files/Pods-BeeTrader/Pods-BeeTrader.debug.xcconfig"; sourceTree = "<group>"; };
		976A236BFE4F04EB31A85055 /* Pods-BeeTrader.release.xcconfig */ = {isa = PBXFileReference; includeInIndex = 1; lastKnownFileType = text.xcconfig; name = "Pods-BeeTrader.release.xcconfig"; path = "Target Support Files/Pods-BeeTrader/Pods-BeeTrader.release.xcconfig"; sourceTree = "<group>"; };
		A97B99D8265A1756988E7F9E /* libPods-BeeTrader.a */ = {isa = PBXFileReference; explicitFileType = archive.ar; includeInIndex = 0; path = "libPods-BeeTrader.a"; sourceTree = BUILT_PRODUCTS_DIR; };
		B3188C3624547DD10058E74E /* en */ = {isa = PBXFileReference; lastKnownFileType = text.plist.strings; name = en; path = en.lproj/Localizable.strings; sourceTree = "<group>"; };
		B3188C3824547DD40058E74E /* sk */ = {isa = PBXFileReference; lastKnownFileType = text.plist.strings; name = sk; path = sk.lproj/Localizable.strings; sourceTree = "<group>"; };
		B3188C3D245480AE0058E74E /* Strings+Localization.swift */ = {isa = PBXFileReference; fileEncoding = 4; lastKnownFileType = sourcecode.swift; path = "Strings+Localization.swift"; sourceTree = "<group>"; };
		B3188C3F245491030058E74E /* EditListing.storyboard */ = {isa = PBXFileReference; fileEncoding = 4; lastKnownFileType = file.storyboard; path = EditListing.storyboard; sourceTree = "<group>"; };
		B3188C41245491930058E74E /* EditListingViewController.swift */ = {isa = PBXFileReference; lastKnownFileType = sourcecode.swift; path = EditListingViewController.swift; sourceTree = "<group>"; };
		B3188C43245491D20058E74E /* EditListingViewModel.swift */ = {isa = PBXFileReference; lastKnownFileType = sourcecode.swift; path = EditListingViewModel.swift; sourceTree = "<group>"; };
		B3188C452455957B0058E74E /* RegistrationModel.swift */ = {isa = PBXFileReference; lastKnownFileType = sourcecode.swift; path = RegistrationModel.swift; sourceTree = "<group>"; };
		B33B7C972411210300CD6719 /* DataWrapperModel.swift */ = {isa = PBXFileReference; lastKnownFileType = sourcecode.swift; path = DataWrapperModel.swift; sourceTree = "<group>"; };
		B33B7C992411481600CD6719 /* UrlRequest.swift */ = {isa = PBXFileReference; lastKnownFileType = sourcecode.swift; path = UrlRequest.swift; sourceTree = "<group>"; };
		B35BA948240FEB4C00BDA7C9 /* BeeTrader.app */ = {isa = PBXFileReference; explicitFileType = wrapper.application; includeInIndex = 0; path = BeeTrader.app; sourceTree = BUILT_PRODUCTS_DIR; };
		B35BA94B240FEB4C00BDA7C9 /* AppDelegate.swift */ = {isa = PBXFileReference; lastKnownFileType = sourcecode.swift; path = AppDelegate.swift; sourceTree = "<group>"; };
		B35BA94D240FEB4C00BDA7C9 /* SceneDelegate.swift */ = {isa = PBXFileReference; lastKnownFileType = sourcecode.swift; path = SceneDelegate.swift; sourceTree = "<group>"; };
		B35BA959240FEB4F00BDA7C9 /* Info.plist */ = {isa = PBXFileReference; lastKnownFileType = text.plist.xml; path = Info.plist; sourceTree = "<group>"; };
		B35BA97D240FEBB700BDA7C9 /* LaunchScreen.storyboard */ = {isa = PBXFileReference; fileEncoding = 4; lastKnownFileType = file.storyboard; path = LaunchScreen.storyboard; sourceTree = "<group>"; };
		B35BA982240FEC0100BDA7C9 /* Assets.xcassets */ = {isa = PBXFileReference; lastKnownFileType = folder.assetcatalog; path = Assets.xcassets; sourceTree = "<group>"; };
		B35BA986240FEC5600BDA7C9 /* Registration.storyboard */ = {isa = PBXFileReference; fileEncoding = 4; lastKnownFileType = file.storyboard; path = Registration.storyboard; sourceTree = "<group>"; };
		B35BA987240FEC5600BDA7C9 /* RegistrationViewController.swift */ = {isa = PBXFileReference; fileEncoding = 4; lastKnownFileType = sourcecode.swift; path = RegistrationViewController.swift; sourceTree = "<group>"; };
		B35BA988240FEC5600BDA7C9 /* RegistrationViewModel.swift */ = {isa = PBXFileReference; fileEncoding = 4; lastKnownFileType = sourcecode.swift; path = RegistrationViewModel.swift; sourceTree = "<group>"; };
		B35BA989240FEC5600BDA7C9 /* UserModel.swift */ = {isa = PBXFileReference; fileEncoding = 4; lastKnownFileType = sourcecode.swift; path = UserModel.swift; sourceTree = "<group>"; };
		B35BA991240FEC7300BDA7C9 /* ViewControllerType.swift */ = {isa = PBXFileReference; fileEncoding = 4; lastKnownFileType = sourcecode.swift; path = ViewControllerType.swift; sourceTree = "<group>"; };
		B3654E2A241F90DE00592EF8 /* ListingModel.swift */ = {isa = PBXFileReference; lastKnownFileType = sourcecode.swift; path = ListingModel.swift; sourceTree = "<group>"; };
		B3654E2C241F9C7E00592EF8 /* ListingViewModel.swift */ = {isa = PBXFileReference; lastKnownFileType = sourcecode.swift; path = ListingViewModel.swift; sourceTree = "<group>"; };
		B3654E2E241FC22600592EF8 /* Colors.swift */ = {isa = PBXFileReference; lastKnownFileType = sourcecode.swift; path = Colors.swift; sourceTree = "<group>"; };
		B37539822424BFAC0051C2E6 /* AddressPickerViewController.swift */ = {isa = PBXFileReference; lastKnownFileType = sourcecode.swift; path = AddressPickerViewController.swift; sourceTree = "<group>"; };
		B37539842424BFDA0051C2E6 /* AddressPickerViewModel.swift */ = {isa = PBXFileReference; lastKnownFileType = sourcecode.swift; path = AddressPickerViewModel.swift; sourceTree = "<group>"; };
		B37539862424C0840051C2E6 /* AddressPicker.storyboard */ = {isa = PBXFileReference; lastKnownFileType = file.storyboard; path = AddressPicker.storyboard; sourceTree = "<group>"; };
		B37539882424C32D0051C2E6 /* UserDetailCoordinator.swift */ = {isa = PBXFileReference; lastKnownFileType = sourcecode.swift; path = UserDetailCoordinator.swift; sourceTree = "<group>"; };
		B375398A2424D7550051C2E6 /* AddressModel.swift */ = {isa = PBXFileReference; lastKnownFileType = sourcecode.swift; path = AddressModel.swift; sourceTree = "<group>"; };
		B375398C2424D9B40051C2E6 /* AddressCell.swift */ = {isa = PBXFileReference; lastKnownFileType = sourcecode.swift; path = AddressCell.swift; sourceTree = "<group>"; };
		B375398E24262ADF0051C2E6 /* Debouncer.swift */ = {isa = PBXFileReference; lastKnownFileType = sourcecode.swift; path = Debouncer.swift; sourceTree = "<group>"; };
		B375399224269DCE0051C2E6 /* ListingDetailViewController.swift */ = {isa = PBXFileReference; lastKnownFileType = sourcecode.swift; path = ListingDetailViewController.swift; sourceTree = "<group>"; };
		B375399424269E140051C2E6 /* ListingDetailViewModel.swift */ = {isa = PBXFileReference; lastKnownFileType = sourcecode.swift; path = ListingDetailViewModel.swift; sourceTree = "<group>"; };
		B375399624269EB60051C2E6 /* ListingDetail.storyboard */ = {isa = PBXFileReference; lastKnownFileType = file.storyboard; path = ListingDetail.storyboard; sourceTree = "<group>"; };
		B37539982426AE790051C2E6 /* Gradient.swift */ = {isa = PBXFileReference; lastKnownFileType = sourcecode.swift; path = Gradient.swift; sourceTree = "<group>"; };
		B37ACC7524407D7D001A8765 /* CategorypickerCell.swift */ = {isa = PBXFileReference; lastKnownFileType = sourcecode.swift; path = CategorypickerCell.swift; sourceTree = "<group>"; };
		B37B1B4424157012005C3702 /* StorageKeys.swift */ = {isa = PBXFileReference; lastKnownFileType = sourcecode.swift; path = StorageKeys.swift; sourceTree = "<group>"; };
		B37B1B4724159F0D005C3702 /* Circle.swift */ = {isa = PBXFileReference; lastKnownFileType = sourcecode.swift; path = Circle.swift; sourceTree = "<group>"; };
		B37B1B4C2415A68B005C3702 /* UserViewController.swift */ = {isa = PBXFileReference; lastKnownFileType = sourcecode.swift; path = UserViewController.swift; sourceTree = "<group>"; };
		B37B1B4E2415A6DA005C3702 /* UserViewModel.swift */ = {isa = PBXFileReference; lastKnownFileType = sourcecode.swift; path = UserViewModel.swift; sourceTree = "<group>"; };
		B37B1B5224169252005C3702 /* Coordinator.swift */ = {isa = PBXFileReference; lastKnownFileType = sourcecode.swift; path = Coordinator.swift; sourceTree = "<group>"; };
		B37B1B55241692B6005C3702 /* MainCoordinator.swift */ = {isa = PBXFileReference; lastKnownFileType = sourcecode.swift; path = MainCoordinator.swift; sourceTree = "<group>"; };
		B37B1B572416C74E005C3702 /* ViewControllers.swift */ = {isa = PBXFileReference; lastKnownFileType = sourcecode.swift; path = ViewControllers.swift; sourceTree = "<group>"; };
		B37F57A8242159C4001B84BB /* UIViewController.swift */ = {isa = PBXFileReference; lastKnownFileType = sourcecode.swift; path = UIViewController.swift; sourceTree = "<group>"; };
		B37F57AB242204F5001B84BB /* UserDetailViewController.swift */ = {isa = PBXFileReference; lastKnownFileType = sourcecode.swift; path = UserDetailViewController.swift; sourceTree = "<group>"; };
		B37F57AD2422050A001B84BB /* UserDetailViewModel.swift */ = {isa = PBXFileReference; lastKnownFileType = sourcecode.swift; path = UserDetailViewModel.swift; sourceTree = "<group>"; };
		B37F57AF24220558001B84BB /* UserDetail.storyboard */ = {isa = PBXFileReference; lastKnownFileType = file.storyboard; path = UserDetail.storyboard; sourceTree = "<group>"; };
		B38E4EEE241AC45600B85994 /* Aliases.swift */ = {isa = PBXFileReference; lastKnownFileType = sourcecode.swift; path = Aliases.swift; sourceTree = "<group>"; };
		B38E4EF0241AC74500B85994 /* Parameters+Headers.swift */ = {isa = PBXFileReference; lastKnownFileType = sourcecode.swift; path = "Parameters+Headers.swift"; sourceTree = "<group>"; };
		B3923DB2241E3A0600DD7F53 /* Alamofire.framework */ = {isa = PBXFileReference; explicitFileType = wrapper.framework; path = Alamofire.framework; sourceTree = BUILT_PRODUCTS_DIR; };
		B3923DB5241E3B1E00DD7F53 /* Alamofire.framework */ = {isa = PBXFileReference; explicitFileType = wrapper.framework; path = Alamofire.framework; sourceTree = BUILT_PRODUCTS_DIR; };
		B3923DBC241E3CEA00DD7F53 /* Alamofire.framework */ = {isa = PBXFileReference; explicitFileType = wrapper.framework; path = Alamofire.framework; sourceTree = BUILT_PRODUCTS_DIR; };
		B3923DBF241E3E4500DD7F53 /* Alamofire.framework */ = {isa = PBXFileReference; explicitFileType = wrapper.framework; path = Alamofire.framework; sourceTree = BUILT_PRODUCTS_DIR; };
		B3923DC0241E3E4500DD7F53 /* Lottie.framework */ = {isa = PBXFileReference; explicitFileType = wrapper.framework; path = Lottie.framework; sourceTree = BUILT_PRODUCTS_DIR; };
		B3923DC9241E3EE700DD7F53 /* Alamofire.framework */ = {isa = PBXFileReference; explicitFileType = wrapper.framework; path = Alamofire.framework; sourceTree = BUILT_PRODUCTS_DIR; };
		B3923DCA241E3EE700DD7F53 /* Lottie.framework */ = {isa = PBXFileReference; explicitFileType = wrapper.framework; path = Lottie.framework; sourceTree = BUILT_PRODUCTS_DIR; };
		B39C967E242CB78600B4101E /* CategoryPickerViewController.swift */ = {isa = PBXFileReference; lastKnownFileType = sourcecode.swift; path = CategoryPickerViewController.swift; sourceTree = "<group>"; };
		B39C9680242CB7B200B4101E /* CategoryPickerViewModel.swift */ = {isa = PBXFileReference; lastKnownFileType = sourcecode.swift; path = CategoryPickerViewModel.swift; sourceTree = "<group>"; };
		B39C9682242CB9B200B4101E /* CategoryCell.swift */ = {isa = PBXFileReference; lastKnownFileType = sourcecode.swift; path = CategoryCell.swift; sourceTree = "<group>"; };
		B39C9684242CBAE900B4101E /* CategoryPicker.storyboard */ = {isa = PBXFileReference; lastKnownFileType = file.storyboard; path = CategoryPicker.storyboard; sourceTree = "<group>"; };
		B3AA33B124476D180043EAF4 /* BeeTrader.entitlements */ = {isa = PBXFileReference; lastKnownFileType = text.plist.entitlements; path = BeeTrader.entitlements; sourceTree = "<group>"; };
		B3AA33B32447716A0043EAF4 /* GlobalUser.swift */ = {isa = PBXFileReference; lastKnownFileType = sourcecode.swift; path = GlobalUser.swift; sourceTree = "<group>"; };
		B3C2AD94241BBD2E00CECE33 /* MainTabBar.storyboard */ = {isa = PBXFileReference; lastKnownFileType = file.storyboard; path = MainTabBar.storyboard; sourceTree = "<group>"; };
		B3C2AD96241BBD7500CECE33 /* MainTabBarController.swift */ = {isa = PBXFileReference; lastKnownFileType = sourcecode.swift; path = MainTabBarController.swift; sourceTree = "<group>"; };
		B3CC696B2428EAEB00DAF451 /* AddListingViewController.swift */ = {isa = PBXFileReference; lastKnownFileType = sourcecode.swift; path = AddListingViewController.swift; sourceTree = "<group>"; };
		B3CC696D2428EB4D00DAF451 /* AddListingViewModel.swift */ = {isa = PBXFileReference; lastKnownFileType = sourcecode.swift; path = AddListingViewModel.swift; sourceTree = "<group>"; };
		B3CC696F2428EC5E00DAF451 /* AddListing.storyboard */ = {isa = PBXFileReference; lastKnownFileType = file.storyboard; path = AddListing.storyboard; sourceTree = "<group>"; };
		B3CC6994242A51B300DAF451 /* ListingFilterViewController.swift */ = {isa = PBXFileReference; lastKnownFileType = sourcecode.swift; path = ListingFilterViewController.swift; sourceTree = "<group>"; };
		B3CC6996242A51E900DAF451 /* ListingFilterViewModel.swift */ = {isa = PBXFileReference; lastKnownFileType = sourcecode.swift; path = ListingFilterViewModel.swift; sourceTree = "<group>"; };
		B3CC6998242A532E00DAF451 /* ListingFilter.storyboard */ = {isa = PBXFileReference; lastKnownFileType = file.storyboard; path = ListingFilter.storyboard; sourceTree = "<group>"; };
		B3CC699A242A56B100DAF451 /* FilterTypeModel.swift */ = {isa = PBXFileReference; lastKnownFileType = sourcecode.swift; path = FilterTypeModel.swift; sourceTree = "<group>"; };
		B3CC699C242A56F900DAF451 /* FilterTypeCell.swift */ = {isa = PBXFileReference; lastKnownFileType = sourcecode.swift; path = FilterTypeCell.swift; sourceTree = "<group>"; };
		B3D02ED0241D8B75009AAD20 /* ListingViewController.swift */ = {isa = PBXFileReference; lastKnownFileType = sourcecode.swift; path = ListingViewController.swift; sourceTree = "<group>"; };
		B3D02ED2241D8E1F009AAD20 /* ListingCell.swift */ = {isa = PBXFileReference; lastKnownFileType = sourcecode.swift; path = ListingCell.swift; sourceTree = "<group>"; };
		B3EC2C14241BDB6F00F0E738 /* loading.json */ = {isa = PBXFileReference; fileEncoding = 4; lastKnownFileType = text.json; path = loading.json; sourceTree = "<group>"; };
		B3EC2C16241BDC7D00F0E738 /* Hud.swift */ = {isa = PBXFileReference; lastKnownFileType = sourcecode.swift; path = Hud.swift; sourceTree = "<group>"; };
		B3F5C66A2413B46600F7EF70 /* UIElements.swift */ = {isa = PBXFileReference; lastKnownFileType = sourcecode.swift; path = UIElements.swift; sourceTree = "<group>"; };
		B3FE90622426C78A005D75F6 /* ListingDetailModel.swift */ = {isa = PBXFileReference; lastKnownFileType = sourcecode.swift; path = ListingDetailModel.swift; sourceTree = "<group>"; };
		B3FE90642427BF4C005D75F6 /* Primitives.swift */ = {isa = PBXFileReference; lastKnownFileType = sourcecode.swift; path = Primitives.swift; sourceTree = "<group>"; };
/* End PBXFileReference section */

/* Begin PBXFrameworksBuildPhase section */
		B35BA945240FEB4C00BDA7C9 /* Frameworks */ = {
			isa = PBXFrameworksBuildPhase;
			buildActionMask = 2147483647;
			files = (
				1788DCCBEDF57FB89B3FF439 /* libPods-BeeTrader.a in Frameworks */,
			);
			runOnlyForDeploymentPostprocessing = 0;
		};
/* End PBXFrameworksBuildPhase section */

/* Begin PBXGroup section */
		7C13FF9B749E7C3F5F13F756 /* Frameworks */ = {
			isa = PBXGroup;
			children = (
				B3923DC9241E3EE700DD7F53 /* Alamofire.framework */,
				B3923DCA241E3EE700DD7F53 /* Lottie.framework */,
				B3923DBF241E3E4500DD7F53 /* Alamofire.framework */,
				B3923DC0241E3E4500DD7F53 /* Lottie.framework */,
				B3923DBC241E3CEA00DD7F53 /* Alamofire.framework */,
				B3923DB5241E3B1E00DD7F53 /* Alamofire.framework */,
				B3923DB2241E3A0600DD7F53 /* Alamofire.framework */,
				A97B99D8265A1756988E7F9E /* libPods-BeeTrader.a */,
			);
			name = Frameworks;
			sourceTree = "<group>";
		};
		8AAB58BA8973F96DDF845FD9 /* Pods */ = {
			isa = PBXGroup;
			children = (
				392DE9F024D1E313D6C6AD47 /* Pods-BeeTrader.debug.xcconfig */,
				976A236BFE4F04EB31A85055 /* Pods-BeeTrader.release.xcconfig */,
			);
			path = Pods;
			sourceTree = "<group>";
		};
		B3188C3224547C830058E74E /* EditListing */ = {
			isa = PBXGroup;
			children = (
				B3188C3F245491030058E74E /* EditListing.storyboard */,
				B3188C41245491930058E74E /* EditListingViewController.swift */,
				B3188C43245491D20058E74E /* EditListingViewModel.swift */,
			);
			path = EditListing;
			sourceTree = "<group>";
		};
		B3188C3C245480AE0058E74E /* Generated */ = {
			isa = PBXGroup;
			children = (
				B3188C3D245480AE0058E74E /* Strings+Localization.swift */,
			);
			path = Generated;
			sourceTree = "<group>";
		};
		B33B7C96241120E200CD6719 /* RRComunication */ = {
			isa = PBXGroup;
			children = (
				B33B7C972411210300CD6719 /* DataWrapperModel.swift */,
				B33B7C992411481600CD6719 /* UrlRequest.swift */,
				B38E4EF0241AC74500B85994 /* Parameters+Headers.swift */,
				B375398E24262ADF0051C2E6 /* Debouncer.swift */,
			);
			path = RRComunication;
			sourceTree = "<group>";
		};
		B35BA93F240FEB4C00BDA7C9 = {
			isa = PBXGroup;
			children = (
				B35BA94A240FEB4C00BDA7C9 /* BeeTrader */,
				B35BA949240FEB4C00BDA7C9 /* Products */,
				8AAB58BA8973F96DDF845FD9 /* Pods */,
				7C13FF9B749E7C3F5F13F756 /* Frameworks */,
			);
			sourceTree = "<group>";
		};
		B35BA949240FEB4C00BDA7C9 /* Products */ = {
			isa = PBXGroup;
			children = (
				B35BA948240FEB4C00BDA7C9 /* BeeTrader.app */,
			);
			name = Products;
			sourceTree = "<group>";
		};
		B35BA94A240FEB4C00BDA7C9 /* BeeTrader */ = {
			isa = PBXGroup;
			children = (
				B3188C3C245480AE0058E74E /* Generated */,
				B3AA33B22447715C0043EAF4 /* Services */,
				B3AA33B124476D180043EAF4 /* BeeTrader.entitlements */,
				B38E4EED241AC44700B85994 /* Others */,
				B37B1B4624159EF9005C3702 /* CustomUI */,
				B37B1B4324156FBE005C3702 /* Constants */,
				B3F5C6692413B45000F7EF70 /* Extensions */,
				B33B7C96241120E200CD6719 /* RRComunication */,
				B35BA990240FEC6800BDA7C9 /* Protocols */,
				B35BA984240FEC4200BDA7C9 /* Controllers */,
				B35BA981240FEBF600BDA7C9 /* Resources */,
				B35BA94B240FEB4C00BDA7C9 /* AppDelegate.swift */,
				B35BA94D240FEB4C00BDA7C9 /* SceneDelegate.swift */,
				B35BA959240FEB4F00BDA7C9 /* Info.plist */,
				B35BA97D240FEBB700BDA7C9 /* LaunchScreen.storyboard */,
			);
			path = BeeTrader;
			sourceTree = "<group>";
		};
		B35BA981240FEBF600BDA7C9 /* Resources */ = {
			isa = PBXGroup;
			children = (
				B3188C3724547DD10058E74E /* Localizable.strings */,
				B3EC2C07241BD61200F0E738 /* Animations */,
				B35BA982240FEC0100BDA7C9 /* Assets.xcassets */,
			);
			path = Resources;
			sourceTree = "<group>";
		};
		B35BA984240FEC4200BDA7C9 /* Controllers */ = {
			isa = PBXGroup;
			children = (
				B35BA985240FEC4A00BDA7C9 /* Registration */,
				B37B1B5424169294005C3702 /* Main */,
			);
			path = Controllers;
			sourceTree = "<group>";
		};
		B35BA985240FEC4A00BDA7C9 /* Registration */ = {
			isa = PBXGroup;
			children = (
				B35BA987240FEC5600BDA7C9 /* RegistrationViewController.swift */,
				B35BA988240FEC5600BDA7C9 /* RegistrationViewModel.swift */,
				B35BA986240FEC5600BDA7C9 /* Registration.storyboard */,
				B3188C452455957B0058E74E /* RegistrationModel.swift */,
			);
			path = Registration;
			sourceTree = "<group>";
		};
		B35BA990240FEC6800BDA7C9 /* Protocols */ = {
			isa = PBXGroup;
			children = (
				B35BA991240FEC7300BDA7C9 /* ViewControllerType.swift */,
				B37B1B5224169252005C3702 /* Coordinator.swift */,
			);
			path = Protocols;
			sourceTree = "<group>";
		};
		B37539812424BF8E0051C2E6 /* AddressPicker */ = {
			isa = PBXGroup;
			children = (
				B37539822424BFAC0051C2E6 /* AddressPickerViewController.swift */,
				B37539842424BFDA0051C2E6 /* AddressPickerViewModel.swift */,
				B37539862424C0840051C2E6 /* AddressPicker.storyboard */,
				B375398A2424D7550051C2E6 /* AddressModel.swift */,
				B375398C2424D9B40051C2E6 /* AddressCell.swift */,
			);
			path = AddressPicker;
			sourceTree = "<group>";
		};
		B375399024269C820051C2E6 /* ListingDetail */ = {
			isa = PBXGroup;
			children = (
				B375399224269DCE0051C2E6 /* ListingDetailViewController.swift */,
				B375399424269E140051C2E6 /* ListingDetailViewModel.swift */,
				B375399624269EB60051C2E6 /* ListingDetail.storyboard */,
				B3FE90622426C78A005D75F6 /* ListingDetailModel.swift */,
			);
			path = ListingDetail;
			sourceTree = "<group>";
		};
		B375399124269CEB0051C2E6 /* AddListing */ = {
			isa = PBXGroup;
			children = (
				B3CC696B2428EAEB00DAF451 /* AddListingViewController.swift */,
				B3CC696D2428EB4D00DAF451 /* AddListingViewModel.swift */,
				B3CC696F2428EC5E00DAF451 /* AddListing.storyboard */,
				B39C967D242CB71400B4101E /* CategoryPicker */,
			);
			path = AddListing;
			sourceTree = "<group>";
		};
		B37B1B4324156FBE005C3702 /* Constants */ = {
			isa = PBXGroup;
			children = (
				B37B1B4424157012005C3702 /* StorageKeys.swift */,
				B37B1B572416C74E005C3702 /* ViewControllers.swift */,
			);
			path = Constants;
			sourceTree = "<group>";
		};
		B37B1B4624159EF9005C3702 /* CustomUI */ = {
			isa = PBXGroup;
			children = (
				B37B1B4724159F0D005C3702 /* Circle.swift */,
				B37539982426AE790051C2E6 /* Gradient.swift */,
			);
			path = CustomUI;
			sourceTree = "<group>";
		};
		B37B1B492415A079005C3702 /* User */ = {
			isa = PBXGroup;
			children = (
				B37B1B4C2415A68B005C3702 /* UserViewController.swift */,
				B37B1B4E2415A6DA005C3702 /* UserViewModel.swift */,
				B35BA989240FEC5600BDA7C9 /* UserModel.swift */,
				B37F57AA242204D0001B84BB /* Detail */,
			);
			path = User;
			sourceTree = "<group>";
		};
		B37B1B5424169294005C3702 /* Main */ = {
			isa = PBXGroup;
			children = (
				B37B1B492415A079005C3702 /* User */,
				B3D02ECF241D85B7009AAD20 /* List */,
				B37B1B55241692B6005C3702 /* MainCoordinator.swift */,
				B3C2AD94241BBD2E00CECE33 /* MainTabBar.storyboard */,
				B3C2AD96241BBD7500CECE33 /* MainTabBarController.swift */,
			);
			path = Main;
			sourceTree = "<group>";
		};
		B37F57AA242204D0001B84BB /* Detail */ = {
			isa = PBXGroup;
			children = (
				B37F57AB242204F5001B84BB /* UserDetailViewController.swift */,
				B37F57AD2422050A001B84BB /* UserDetailViewModel.swift */,
				B37F57AF24220558001B84BB /* UserDetail.storyboard */,
				B37539882424C32D0051C2E6 /* UserDetailCoordinator.swift */,
				B37539812424BF8E0051C2E6 /* AddressPicker */,
			);
			path = Detail;
			sourceTree = "<group>";
		};
		B38E4EED241AC44700B85994 /* Others */ = {
			isa = PBXGroup;
			children = (
				B38E4EEE241AC45600B85994 /* Aliases.swift */,
				B3EC2C16241BDC7D00F0E738 /* Hud.swift */,
			);
			path = Others;
			sourceTree = "<group>";
		};
		B39C967D242CB71400B4101E /* CategoryPicker */ = {
			isa = PBXGroup;
			children = (
				B39C967E242CB78600B4101E /* CategoryPickerViewController.swift */,
				B39C9680242CB7B200B4101E /* CategoryPickerViewModel.swift */,
				B39C9682242CB9B200B4101E /* CategoryCell.swift */,
				B39C9684242CBAE900B4101E /* CategoryPicker.storyboard */,
				B37ACC7524407D7D001A8765 /* CategorypickerCell.swift */,
			);
			path = CategoryPicker;
			sourceTree = "<group>";
		};
		B3AA33B22447715C0043EAF4 /* Services */ = {
			isa = PBXGroup;
			children = (
				B3AA33B32447716A0043EAF4 /* GlobalUser.swift */,
			);
			path = Services;
			sourceTree = "<group>";
		};
		B3CC6993242A518800DAF451 /* Filter */ = {
			isa = PBXGroup;
			children = (
				B3CC6994242A51B300DAF451 /* ListingFilterViewController.swift */,
				B3CC6996242A51E900DAF451 /* ListingFilterViewModel.swift */,
				B3CC6998242A532E00DAF451 /* ListingFilter.storyboard */,
				B3CC699A242A56B100DAF451 /* FilterTypeModel.swift */,
				B3CC699C242A56F900DAF451 /* FilterTypeCell.swift */,
			);
			path = Filter;
			sourceTree = "<group>";
		};
		B3D02ECF241D85B7009AAD20 /* List */ = {
			isa = PBXGroup;
			children = (
				B3D02ED2241D8E1F009AAD20 /* ListingCell.swift */,
				B3D02ED0241D8B75009AAD20 /* ListingViewController.swift */,
				B3654E2C241F9C7E00592EF8 /* ListingViewModel.swift */,
				B3654E2A241F90DE00592EF8 /* ListingModel.swift */,
				B3CC6993242A518800DAF451 /* Filter */,
				B375399124269CEB0051C2E6 /* AddListing */,
				B3188C3224547C830058E74E /* EditListing */,
				B375399024269C820051C2E6 /* ListingDetail */,
			);
			path = List;
			sourceTree = "<group>";
		};
		B3EC2C07241BD61200F0E738 /* Animations */ = {
			isa = PBXGroup;
			children = (
				B3EC2C14241BDB6F00F0E738 /* loading.json */,
			);
			path = Animations;
			sourceTree = "<group>";
		};
		B3F5C6692413B45000F7EF70 /* Extensions */ = {
			isa = PBXGroup;
			children = (
				B3F5C66A2413B46600F7EF70 /* UIElements.swift */,
				B3654E2E241FC22600592EF8 /* Colors.swift */,
				B37F57A8242159C4001B84BB /* UIViewController.swift */,
				B3FE90642427BF4C005D75F6 /* Primitives.swift */,
			);
			path = Extensions;
			sourceTree = "<group>";
		};
/* End PBXGroup section */

/* Begin PBXNativeTarget section */
		B35BA947240FEB4C00BDA7C9 /* BeeTrader */ = {
			isa = PBXNativeTarget;
			buildConfigurationList = B35BA972240FEB4F00BDA7C9 /* Build configuration list for PBXNativeTarget "BeeTrader" */;
			buildPhases = (
				9FF47E9DEA7A759AF7C451AB /* [CP] Check Pods Manifest.lock */,
				B35BA944240FEB4C00BDA7C9 /* Sources */,
				B35BA945240FEB4C00BDA7C9 /* Frameworks */,
				B35BA946240FEB4C00BDA7C9 /* Resources */,
				B3923DBB241E3B5100DD7F53 /* Embed Frameworks */,
			);
			buildRules = (
				B3188C3924547E940058E74E /* PBXBuildRule */,
			);
			dependencies = (
			);
			name = BeeTrader;
			productName = BeeTrader;
			productReference = B35BA948240FEB4C00BDA7C9 /* BeeTrader.app */;
			productType = "com.apple.product-type.application";
		};
/* End PBXNativeTarget section */

/* Begin PBXProject section */
		B35BA940240FEB4C00BDA7C9 /* Project object */ = {
			isa = PBXProject;
			attributes = {
				LastSwiftUpdateCheck = 1130;
				LastUpgradeCheck = 1130;
				ORGANIZATIONNAME = hladek;
				TargetAttributes = {
					B35BA947240FEB4C00BDA7C9 = {
						CreatedOnToolsVersion = 11.3.1;
					};
				};
			};
			buildConfigurationList = B35BA943240FEB4C00BDA7C9 /* Build configuration list for PBXProject "BeeTrader" */;
			compatibilityVersion = "Xcode 9.3";
			developmentRegion = en;
			hasScannedForEncodings = 0;
			knownRegions = (
				en,
				Base,
				sk,
			);
			mainGroup = B35BA93F240FEB4C00BDA7C9;
			productRefGroup = B35BA949240FEB4C00BDA7C9 /* Products */;
			projectDirPath = "";
			projectRoot = "";
			targets = (
				B35BA947240FEB4C00BDA7C9 /* BeeTrader */,
			);
		};
/* End PBXProject section */

/* Begin PBXResourcesBuildPhase section */
		B35BA946240FEB4C00BDA7C9 /* Resources */ = {
			isa = PBXResourcesBuildPhase;
			buildActionMask = 2147483647;
			files = (
				B3CC69702428EC5E00DAF451 /* AddListing.storyboard in Resources */,
				B3188C3524547DD10058E74E /* Localizable.strings in Resources */,
				B35BA97E240FEBB700BDA7C9 /* LaunchScreen.storyboard in Resources */,
				B3C2AD95241BBD2E00CECE33 /* MainTabBar.storyboard in Resources */,
				B37F57B024220558001B84BB /* UserDetail.storyboard in Resources */,
				B37539872424C0840051C2E6 /* AddressPicker.storyboard in Resources */,
				B375399724269EB60051C2E6 /* ListingDetail.storyboard in Resources */,
				B3188C40245491030058E74E /* EditListing.storyboard in Resources */,
				B3EC2C15241BDB6F00F0E738 /* loading.json in Resources */,
				B35BA98B240FEC5700BDA7C9 /* Registration.storyboard in Resources */,
				B35BA983240FEC0100BDA7C9 /* Assets.xcassets in Resources */,
				B39C9685242CBAE900B4101E /* CategoryPicker.storyboard in Resources */,
				B3CC6999242A532E00DAF451 /* ListingFilter.storyboard in Resources */,
			);
			runOnlyForDeploymentPostprocessing = 0;
		};
/* End PBXResourcesBuildPhase section */

/* Begin PBXShellScriptBuildPhase section */
		9FF47E9DEA7A759AF7C451AB /* [CP] Check Pods Manifest.lock */ = {
			isa = PBXShellScriptBuildPhase;
			buildActionMask = 2147483647;
			files = (
			);
			inputFileListPaths = (
			);
			inputPaths = (
				"${PODS_PODFILE_DIR_PATH}/Podfile.lock",
				"${PODS_ROOT}/Manifest.lock",
			);
			name = "[CP] Check Pods Manifest.lock";
			outputFileListPaths = (
			);
			outputPaths = (
				"$(DERIVED_FILE_DIR)/Pods-BeeTrader-checkManifestLockResult.txt",
			);
			runOnlyForDeploymentPostprocessing = 0;
			shellPath = /bin/sh;
			shellScript = "diff \"${PODS_PODFILE_DIR_PATH}/Podfile.lock\" \"${PODS_ROOT}/Manifest.lock\" > /dev/null\nif [ $? != 0 ] ; then\n    # print error to STDERR\n    echo \"error: The sandbox is not in sync with the Podfile.lock. Run 'pod install' or update your CocoaPods installation.\" >&2\n    exit 1\nfi\n# This output is used by Xcode 'outputs' to avoid re-running this script phase.\necho \"SUCCESS\" > \"${SCRIPT_OUTPUT_FILE_0}\"\n";
			showEnvVarsInLog = 0;
		};
/* End PBXShellScriptBuildPhase section */

/* Begin PBXSourcesBuildPhase section */
		B35BA944240FEB4C00BDA7C9 /* Sources */ = {
			isa = PBXSourcesBuildPhase;
			buildActionMask = 2147483647;
			files = (
				B37B1B56241692B6005C3702 /* MainCoordinator.swift in Sources */,
				B3188C3E245480AF0058E74E /* Strings+Localization.swift in Sources */,
				B3AA33B42447716A0043EAF4 /* GlobalUser.swift in Sources */,
				B3FE90632426C78A005D75F6 /* ListingDetailModel.swift in Sources */,
				B37B1B5324169252005C3702 /* Coordinator.swift in Sources */,
				B37F57AE2422050A001B84BB /* UserDetailViewModel.swift in Sources */,
				B38E4EF1241AC74500B85994 /* Parameters+Headers.swift in Sources */,
				B375399524269E140051C2E6 /* ListingDetailViewModel.swift in Sources */,
				B3188C462455957B0058E74E /* RegistrationModel.swift in Sources */,
				B35BA98E240FEC5700BDA7C9 /* UserModel.swift in Sources */,
				B35BA98D240FEC5700BDA7C9 /* RegistrationViewModel.swift in Sources */,
				B37B1B4D2415A68B005C3702 /* UserViewController.swift in Sources */,
				B37ACC7624407D7D001A8765 /* CategorypickerCell.swift in Sources */,
				B37539852424BFDA0051C2E6 /* AddressPickerViewModel.swift in Sources */,
				B3188C42245491930058E74E /* EditListingViewController.swift in Sources */,
				B3CC699D242A56F900DAF451 /* FilterTypeCell.swift in Sources */,
				B39C9683242CB9B200B4101E /* CategoryCell.swift in Sources */,
				B3654E2F241FC22600592EF8 /* Colors.swift in Sources */,
				B375399324269DCE0051C2E6 /* ListingDetailViewController.swift in Sources */,
				B33B7C982411210300CD6719 /* DataWrapperModel.swift in Sources */,
				B3CC699B242A56B100DAF451 /* FilterTypeModel.swift in Sources */,
				B35BA94C240FEB4C00BDA7C9 /* AppDelegate.swift in Sources */,
				B37B1B4F2415A6DA005C3702 /* UserViewModel.swift in Sources */,
				B3188C44245491D20058E74E /* EditListingViewModel.swift in Sources */,
				B3EC2C17241BDC7D00F0E738 /* Hud.swift in Sources */,
				B3FE90652427BF4C005D75F6 /* Primitives.swift in Sources */,
				B37F57AC242204F5001B84BB /* UserDetailViewController.swift in Sources */,
				B3D02ED1241D8B75009AAD20 /* ListingViewController.swift in Sources */,
				B3654E2B241F90DE00592EF8 /* ListingModel.swift in Sources */,
				B37B1B4524157012005C3702 /* StorageKeys.swift in Sources */,
				B38E4EEF241AC45600B85994 /* Aliases.swift in Sources */,
				B37B1B4824159F0D005C3702 /* Circle.swift in Sources */,
				B3F5C66B2413B46600F7EF70 /* UIElements.swift in Sources */,
				B375398B2424D7550051C2E6 /* AddressModel.swift in Sources */,
				B35BA992240FEC7300BDA7C9 /* ViewControllerType.swift in Sources */,
				B3CC6997242A51E900DAF451 /* ListingFilterViewModel.swift in Sources */,
				B37539992426AE790051C2E6 /* Gradient.swift in Sources */,
				B375398D2424D9B40051C2E6 /* AddressCell.swift in Sources */,
				B37539892424C32D0051C2E6 /* UserDetailCoordinator.swift in Sources */,
				B3CC6995242A51B300DAF451 /* ListingFilterViewController.swift in Sources */,
				B35BA98C240FEC5700BDA7C9 /* RegistrationViewController.swift in Sources */,
				B39C967F242CB78600B4101E /* CategoryPickerViewController.swift in Sources */,
				B3C2AD97241BBD7500CECE33 /* MainTabBarController.swift in Sources */,
				B3CC696E2428EB4D00DAF451 /* AddListingViewModel.swift in Sources */,
				B39C9681242CB7B200B4101E /* CategoryPickerViewModel.swift in Sources */,
				B37F57A9242159C4001B84BB /* UIViewController.swift in Sources */,
				B37B1B582416C74E005C3702 /* ViewControllers.swift in Sources */,
				B33B7C9A2411481600CD6719 /* UrlRequest.swift in Sources */,
				B3D02ED4241D8E1F009AAD20 /* ListingCell.swift in Sources */,
				B3CC696C2428EAEB00DAF451 /* AddListingViewController.swift in Sources */,
				B37539832424BFAC0051C2E6 /* AddressPickerViewController.swift in Sources */,
				B375398F24262ADF0051C2E6 /* Debouncer.swift in Sources */,
				B35BA94E240FEB4C00BDA7C9 /* SceneDelegate.swift in Sources */,
				B3654E2D241F9C7E00592EF8 /* ListingViewModel.swift in Sources */,
			);
			runOnlyForDeploymentPostprocessing = 0;
		};
/* End PBXSourcesBuildPhase section */

/* Begin PBXVariantGroup section */
		B3188C3724547DD10058E74E /* Localizable.strings */ = {
			isa = PBXVariantGroup;
			children = (
				B3188C3624547DD10058E74E /* en */,
				B3188C3824547DD40058E74E /* sk */,
			);
			name = Localizable.strings;
			sourceTree = "<group>";
		};
/* End PBXVariantGroup section */

/* Begin XCBuildConfiguration section */
		B35BA970240FEB4F00BDA7C9 /* Debug */ = {
			isa = XCBuildConfiguration;
			buildSettings = {
				ALWAYS_SEARCH_USER_PATHS = NO;
				CLANG_ANALYZER_NONNULL = YES;
				CLANG_ANALYZER_NUMBER_OBJECT_CONVERSION = YES_AGGRESSIVE;
				CLANG_CXX_LANGUAGE_STANDARD = "gnu++14";
				CLANG_CXX_LIBRARY = "libc++";
				CLANG_ENABLE_MODULES = YES;
				CLANG_ENABLE_OBJC_ARC = YES;
				CLANG_ENABLE_OBJC_WEAK = YES;
				CLANG_WARN_BLOCK_CAPTURE_AUTORELEASING = YES;
				CLANG_WARN_BOOL_CONVERSION = YES;
				CLANG_WARN_COMMA = YES;
				CLANG_WARN_CONSTANT_CONVERSION = YES;
				CLANG_WARN_DEPRECATED_OBJC_IMPLEMENTATIONS = YES;
				CLANG_WARN_DIRECT_OBJC_ISA_USAGE = YES_ERROR;
				CLANG_WARN_DOCUMENTATION_COMMENTS = YES;
				CLANG_WARN_EMPTY_BODY = YES;
				CLANG_WARN_ENUM_CONVERSION = YES;
				CLANG_WARN_INFINITE_RECURSION = YES;
				CLANG_WARN_INT_CONVERSION = YES;
				CLANG_WARN_NON_LITERAL_NULL_CONVERSION = YES;
				CLANG_WARN_OBJC_IMPLICIT_RETAIN_SELF = YES;
				CLANG_WARN_OBJC_LITERAL_CONVERSION = YES;
				CLANG_WARN_OBJC_ROOT_CLASS = YES_ERROR;
				CLANG_WARN_RANGE_LOOP_ANALYSIS = YES;
				CLANG_WARN_STRICT_PROTOTYPES = YES;
				CLANG_WARN_SUSPICIOUS_MOVE = YES;
				CLANG_WARN_UNGUARDED_AVAILABILITY = YES_AGGRESSIVE;
				CLANG_WARN_UNREACHABLE_CODE = YES;
				CLANG_WARN__DUPLICATE_METHOD_MATCH = YES;
				COPY_PHASE_STRIP = NO;
				DEBUG_INFORMATION_FORMAT = dwarf;
				ENABLE_STRICT_OBJC_MSGSEND = YES;
				ENABLE_TESTABILITY = YES;
				GCC_C_LANGUAGE_STANDARD = gnu11;
				GCC_DYNAMIC_NO_PIC = NO;
				GCC_NO_COMMON_BLOCKS = YES;
				GCC_OPTIMIZATION_LEVEL = 0;
				GCC_PREPROCESSOR_DEFINITIONS = (
					"DEBUG=1",
					"$(inherited)",
				);
				GCC_WARN_64_TO_32_BIT_CONVERSION = YES;
				GCC_WARN_ABOUT_RETURN_TYPE = YES_ERROR;
				GCC_WARN_UNDECLARED_SELECTOR = YES;
				GCC_WARN_UNINITIALIZED_AUTOS = YES_AGGRESSIVE;
				GCC_WARN_UNUSED_FUNCTION = YES;
				GCC_WARN_UNUSED_VARIABLE = YES;
				IPHONEOS_DEPLOYMENT_TARGET = 13.2;
				MTL_ENABLE_DEBUG_INFO = INCLUDE_SOURCE;
				MTL_FAST_MATH = YES;
				ONLY_ACTIVE_ARCH = YES;
				SDKROOT = iphoneos;
				SWIFT_ACTIVE_COMPILATION_CONDITIONS = DEBUG;
				SWIFT_OPTIMIZATION_LEVEL = "-Onone";
			};
			name = Debug;
		};
		B35BA971240FEB4F00BDA7C9 /* Release */ = {
			isa = XCBuildConfiguration;
			buildSettings = {
				ALWAYS_SEARCH_USER_PATHS = NO;
				CLANG_ANALYZER_NONNULL = YES;
				CLANG_ANALYZER_NUMBER_OBJECT_CONVERSION = YES_AGGRESSIVE;
				CLANG_CXX_LANGUAGE_STANDARD = "gnu++14";
				CLANG_CXX_LIBRARY = "libc++";
				CLANG_ENABLE_MODULES = YES;
				CLANG_ENABLE_OBJC_ARC = YES;
				CLANG_ENABLE_OBJC_WEAK = YES;
				CLANG_WARN_BLOCK_CAPTURE_AUTORELEASING = YES;
				CLANG_WARN_BOOL_CONVERSION = YES;
				CLANG_WARN_COMMA = YES;
				CLANG_WARN_CONSTANT_CONVERSION = YES;
				CLANG_WARN_DEPRECATED_OBJC_IMPLEMENTATIONS = YES;
				CLANG_WARN_DIRECT_OBJC_ISA_USAGE = YES_ERROR;
				CLANG_WARN_DOCUMENTATION_COMMENTS = YES;
				CLANG_WARN_EMPTY_BODY = YES;
				CLANG_WARN_ENUM_CONVERSION = YES;
				CLANG_WARN_INFINITE_RECURSION = YES;
				CLANG_WARN_INT_CONVERSION = YES;
				CLANG_WARN_NON_LITERAL_NULL_CONVERSION = YES;
				CLANG_WARN_OBJC_IMPLICIT_RETAIN_SELF = YES;
				CLANG_WARN_OBJC_LITERAL_CONVERSION = YES;
				CLANG_WARN_OBJC_ROOT_CLASS = YES_ERROR;
				CLANG_WARN_RANGE_LOOP_ANALYSIS = YES;
				CLANG_WARN_STRICT_PROTOTYPES = YES;
				CLANG_WARN_SUSPICIOUS_MOVE = YES;
				CLANG_WARN_UNGUARDED_AVAILABILITY = YES_AGGRESSIVE;
				CLANG_WARN_UNREACHABLE_CODE = YES;
				CLANG_WARN__DUPLICATE_METHOD_MATCH = YES;
				COPY_PHASE_STRIP = NO;
				DEBUG_INFORMATION_FORMAT = "dwarf-with-dsym";
				ENABLE_NS_ASSERTIONS = NO;
				ENABLE_STRICT_OBJC_MSGSEND = YES;
				GCC_C_LANGUAGE_STANDARD = gnu11;
				GCC_NO_COMMON_BLOCKS = YES;
				GCC_WARN_64_TO_32_BIT_CONVERSION = YES;
				GCC_WARN_ABOUT_RETURN_TYPE = YES_ERROR;
				GCC_WARN_UNDECLARED_SELECTOR = YES;
				GCC_WARN_UNINITIALIZED_AUTOS = YES_AGGRESSIVE;
				GCC_WARN_UNUSED_FUNCTION = YES;
				GCC_WARN_UNUSED_VARIABLE = YES;
				IPHONEOS_DEPLOYMENT_TARGET = 13.2;
				MTL_ENABLE_DEBUG_INFO = NO;
				MTL_FAST_MATH = YES;
				SDKROOT = iphoneos;
				SWIFT_COMPILATION_MODE = wholemodule;
				SWIFT_OPTIMIZATION_LEVEL = "-O";
				VALIDATE_PRODUCT = YES;
			};
			name = Release;
		};
		B35BA973240FEB4F00BDA7C9 /* Debug */ = {
			isa = XCBuildConfiguration;
			baseConfigurationReference = 392DE9F024D1E313D6C6AD47 /* Pods-BeeTrader.debug.xcconfig */;
			buildSettings = {
				ASSETCATALOG_COMPILER_APPICON_NAME = AppIcon;
				CODE_SIGN_ENTITLEMENTS = BeeTrader/BeeTrader.entitlements;
				CODE_SIGN_IDENTITY = "Apple Development";
				CODE_SIGN_STYLE = Automatic;
				DEVELOPMENT_TEAM = ZJZYDWBNWH;
				INFOPLIST_FILE = BeeTrader/Info.plist;
				LD_RUNPATH_SEARCH_PATHS = (
					"$(inherited)",
					"@executable_path/Frameworks",
				);
				PRODUCT_BUNDLE_IDENTIFIER = "com.ta-boo.BeeTrader";
				PRODUCT_NAME = "$(TARGET_NAME)";
				PROVISIONING_PROFILE_SPECIFIER = "";
				SWIFT_VERSION = 5.0;
				TARGETED_DEVICE_FAMILY = "1,2";
			};
			name = Debug;
		};
		B35BA974240FEB4F00BDA7C9 /* Release */ = {
			isa = XCBuildConfiguration;
			baseConfigurationReference = 976A236BFE4F04EB31A85055 /* Pods-BeeTrader.release.xcconfig */;
			buildSettings = {
				ASSETCATALOG_COMPILER_APPICON_NAME = AppIcon;
				CODE_SIGN_ENTITLEMENTS = BeeTrader/BeeTrader.entitlements;
				CODE_SIGN_IDENTITY = "Apple Development";
				CODE_SIGN_STYLE = Automatic;
				DEVELOPMENT_TEAM = ZJZYDWBNWH;
				INFOPLIST_FILE = BeeTrader/Info.plist;
				LD_RUNPATH_SEARCH_PATHS = (
					"$(inherited)",
					"@executable_path/Frameworks",
				);
				PRODUCT_BUNDLE_IDENTIFIER = "com.ta-boo.BeeTrader";
				PRODUCT_NAME = "$(TARGET_NAME)";
				PROVISIONING_PROFILE_SPECIFIER = "";
				SWIFT_VERSION = 5.0;
				TARGETED_DEVICE_FAMILY = "1,2";
			};
			name = Release;
		};
/* End XCBuildConfiguration section */

/* Begin XCConfigurationList section */
		B35BA943240FEB4C00BDA7C9 /* Build configuration list for PBXProject "BeeTrader" */ = {
			isa = XCConfigurationList;
			buildConfigurations = (
				B35BA970240FEB4F00BDA7C9 /* Debug */,
				B35BA971240FEB4F00BDA7C9 /* Release */,
			);
			defaultConfigurationIsVisible = 0;
			defaultConfigurationName = Release;
		};
		B35BA972240FEB4F00BDA7C9 /* Build configuration list for PBXNativeTarget "BeeTrader" */ = {
			isa = XCConfigurationList;
			buildConfigurations = (
				B35BA973240FEB4F00BDA7C9 /* Debug */,
				B35BA974240FEB4F00BDA7C9 /* Release */,
			);
			defaultConfigurationIsVisible = 0;
			defaultConfigurationName = Release;
		};
/* End XCConfigurationList section */
	};
	rootObject = B35BA940240FEB4C00BDA7C9 /* Project object */;
}
